
Microsoft Visual Studio Solution File, Format Version 12.00
# Visual Studio Version 16
VisualStudioVersion = 16.0.31229.75
MinimumVisualStudioVersion = 10.0.40219.1
Project("{9A19103F-16F7-4668-BE54-9A1E7A4F7556}") = "NotifyMe.Core", "NotifyMe.Core\NotifyMe.Core.csproj", "{1CCD5A41-06CF-4BC7-B4F6-90414ADBB999}"
EndProject
Project("{9A19103F-16F7-4668-BE54-9A1E7A4F7556}") = "NotifyMe.Web", "NotifyMe.Web\NotifyMe.Web.csproj", "{F6B83869-16F5-4DFE-A879-CF20A9CA73AB}"
EndProject
Project("{FAE04EC0-301F-11D3-BF4B-00C04F79EFBC}") = "NotifyMe.Rawbot.Amazon", "NotifyMe.Rawbot.Amazon\NotifyMe.Rawbot.Amazon.csproj", "{6010A65D-6EEB-4A54-8070-FCCF0176AA31}"
EndProject
Project("{FAE04EC0-301F-11D3-BF4B-00C04F79EFBC}") = "NotifyMe.Rawbot.BestBuy", "NotifyMe.Rawbot.BestBuy\NotifyMe.Rawbot.BestBuy.csproj", "{03526F0D-9428-4530-882A-9156DD0E2EE6}"
EndProject
Global
	GlobalSection(SolutionConfigurationPlatforms) = preSolution
		Debug|Any CPU = Debug|Any CPU
		Release|Any CPU = Release|Any CPU
	EndGlobalSection
	GlobalSection(ProjectConfigurationPlatforms) = postSolution
		{1CCD5A41-06CF-4BC7-B4F6-90414ADBB999}.Debug|Any CPU.ActiveCfg = Debug|Any CPU
		{1CCD5A41-06CF-4BC7-B4F6-90414ADBB999}.Debug|Any CPU.Build.0 = Debug|Any CPU
		{1CCD5A41-06CF-4BC7-B4F6-90414ADBB999}.Release|Any CPU.ActiveCfg = Release|Any CPU
		{1CCD5A41-06CF-4BC7-B4F6-90414ADBB999}.Release|Any CPU.Build.0 = Release|Any CPU
		{F6B83869-16F5-4DFE-A879-CF20A9CA73AB}.Debug|Any CPU.ActiveCfg = Debug|Any CPU
		{F6B83869-16F5-4DFE-A879-CF20A9CA73AB}.Debug|Any CPU.Build.0 = Debug|Any CPU
		{F6B83869-16F5-4DFE-A879-CF20A9CA73AB}.Release|Any CPU.ActiveCfg = Release|Any CPU
		{F6B83869-16F5-4DFE-A879-CF20A9CA73AB}.Release|Any CPU.Build.0 = Release|Any CPU
		{6010A65D-6EEB-4A54-8070-FCCF0176AA31}.Debug|Any CPU.ActiveCfg = Debug|Any CPU
		{6010A65D-6EEB-4A54-8070-FCCF0176AA31}.Debug|Any CPU.Build.0 = Debug|Any CPU
		{6010A65D-6EEB-4A54-8070-FCCF0176AA31}.Release|Any CPU.ActiveCfg = Release|Any CPU
		{6010A65D-6EEB-4A54-8070-FCCF0176AA31}.Release|Any CPU.Build.0 = Release|Any CPU
		{03526F0D-9428-4530-882A-9156DD0E2EE6}.Debug|Any CPU.ActiveCfg = Debug|Any CPU
		{03526F0D-9428-4530-882A-9156DD0E2EE6}.Debug|Any CPU.Build.0 = Debug|Any CPU
		{03526F0D-9428-4530-882A-9156DD0E2EE6}.Release|Any CPU.ActiveCfg = Release|Any CPU
		{03526F0D-9428-4530-882A-9156DD0E2EE6}.Release|Any CPU.Build.0 = Release|Any CPU
	EndGlobalSection
	GlobalSection(SolutionProperties) = preSolution
		HideSolutionNode = FALSE
	EndGlobalSection
	GlobalSection(ExtensibilityGlobals) = postSolution
		SolutionGuid = {675326F8-1A7F-4B1A-89A5-762477225CC5}
	EndGlobalSection
EndGlobal
